// !$*UTF8*$!
{
	archiveVersion = 1;
	classes = {
	};
	objectVersion = 55;
	objects = {

/* Begin PBXBuildFile section */
		F51C21EF26CE8D510027B356 /* DemoStyleTransfer02_usecase_image.mlmodel in Sources */ = {isa = PBXBuildFile; fileRef = F51C21EE26CE8D510027B356 /* DemoStyleTransfer02_usecase_image.mlmodel */; };
		F5AB331726CE7A1D0023427A /* AppDelegate.swift in Sources */ = {isa = PBXBuildFile; fileRef = F5AB331626CE7A1D0023427A /* AppDelegate.swift */; };
		F5AB331926CE7A1D0023427A /* SceneDelegate.swift in Sources */ = {isa = PBXBuildFile; fileRef = F5AB331826CE7A1D0023427A /* SceneDelegate.swift */; };
		F5AB331B26CE7A1D0023427A /* ViewController.swift in Sources */ = {isa = PBXBuildFile; fileRef = F5AB331A26CE7A1D0023427A /* ViewController.swift */; };
		F5AB331E26CE7A1D0023427A /* Main.storyboard in Resources */ = {isa = PBXBuildFile; fileRef = F5AB331C26CE7A1D0023427A /* Main.storyboard */; };
		F5AB332026CE7A1E0023427A /* Assets.xcassets in Resources */ = {isa = PBXBuildFile; fileRef = F5AB331F26CE7A1E0023427A /* Assets.xcassets */; };
		F5AB332326CE7A1E0023427A /* LaunchScreen.storyboard in Resources */ = {isa = PBXBuildFile; fileRef = F5AB332126CE7A1E0023427A /* LaunchScreen.storyboard */; };
		F5AB332E26CE7A1E0023427A /* DemoStyleTransferTests.swift in Sources */ = {isa = PBXBuildFile; fileRef = F5AB332D26CE7A1E0023427A /* DemoStyleTransferTests.swift */; };
		F5AB333826CE7A1E0023427A /* DemoStyleTransferUITests.swift in Sources */ = {isa = PBXBuildFile; fileRef = F5AB333726CE7A1E0023427A /* DemoStyleTransferUITests.swift */; };
/* End PBXBuildFile section */

/* Begin PBXContainerItemProxy section */
		F5AB332A26CE7A1E0023427A /* PBXContainerItemProxy */ = {
			isa = PBXContainerItemProxy;
			containerPortal = F5AB330B26CE7A1D0023427A /* Project object */;
			proxyType = 1;
			remoteGlobalIDString = F5AB331226CE7A1D0023427A;
			remoteInfo = DemoStyleTransfer;
		};
		F5AB333426CE7A1E0023427A /* PBXContainerItemProxy */ = {
			isa = PBXContainerItemProxy;
			containerPortal = F5AB330B26CE7A1D0023427A /* Project object */;
			proxyType = 1;
			remoteGlobalIDString = F5AB331226CE7A1D0023427A;
			remoteInfo = DemoStyleTransfer;
		};
/* End PBXContainerItemProxy section */

/* Begin PBXFileReference section */
		F51C21EE26CE8D510027B356 /* DemoStyleTransfer02_usecase_image.mlmodel */ = {isa = PBXFileReference; lastKnownFileType = file.mlmodel; path = DemoStyleTransfer02_usecase_image.mlmodel; sourceTree = "<group>"; };
		F5AB331326CE7A1D0023427A /* DemoStyleTransfer.app */ = {isa = PBXFileReference; explicitFileType = wrapper.application; includeInIndex = 0; path = DemoStyleTransfer.app; sourceTree = BUILT_PRODUCTS_DIR; };
		F5AB331626CE7A1D0023427A /* AppDelegate.swift */ = {isa = PBXFileReference; lastKnownFileType = sourcecode.swift; path = AppDelegate.swift; sourceTree = "<group>"; };
		F5AB331826CE7A1D0023427A /* SceneDelegate.swift */ = {isa = PBXFileReference; lastKnownFileType = sourcecode.swift; path = SceneDelegate.swift; sourceTree = "<group>"; };
		F5AB331A26CE7A1D0023427A /* ViewController.swift */ = {isa = PBXFileReference; lastKnownFileType = sourcecode.swift; path = ViewController.swift; sourceTree = "<group>"; };
		F5AB331D26CE7A1D0023427A /* Base */ = {isa = PBXFileReference; lastKnownFileType = file.storyboard; name = Base; path = Base.lproj/Main.storyboard; sourceTree = "<group>"; };
		F5AB331F26CE7A1E0023427A /* Assets.xcassets */ = {isa = PBXFileReference; lastKnownFileType = folder.assetcatalog; path = Assets.xcassets; sourceTree = "<group>"; };
		F5AB332226CE7A1E0023427A /* Base */ = {isa = PBXFileReference; lastKnownFileType = file.storyboard; name = Base; path = Base.lproj/LaunchScreen.storyboard; sourceTree = "<group>"; };
		F5AB332426CE7A1E0023427A /* Info.plist */ = {isa = PBXFileReference; lastKnownFileType = text.plist.xml; path = Info.plist; sourceTree = "<group>"; };
		F5AB332926CE7A1E0023427A /* DemoStyleTransferTests.xctest */ = {isa = PBXFileReference; explicitFileType = wrapper.cfbundle; includeInIndex = 0; path = DemoStyleTransferTests.xctest; sourceTree = BUILT_PRODUCTS_DIR; };
		F5AB332D26CE7A1E0023427A /* DemoStyleTransferTests.swift */ = {isa = PBXFileReference; lastKnownFileType = sourcecode.swift; path = DemoStyleTransferTests.swift; sourceTree = "<group>"; };
		F5AB333326CE7A1E0023427A /* DemoStyleTransferUITests.xctest */ = {isa = PBXFileReference; explicitFileType = wrapper.cfbundle; includeInIndex = 0; path = DemoStyleTransferUITests.xctest; sourceTree = BUILT_PRODUCTS_DIR; };
		F5AB333726CE7A1E0023427A /* DemoStyleTransferUITests.swift */ = {isa = PBXFileReference; lastKnownFileType = sourcecode.swift; path = DemoStyleTransferUITests.swift; sourceTree = "<group>"; };
/* End PBXFileReference section */

/* Begin PBXFrameworksBuildPhase section */
		F5AB331026CE7A1D0023427A /* Frameworks */ = {
			isa = PBXFrameworksBuildPhase;
			buildActionMask = 2147483647;
			files = (
			);
			runOnlyForDeploymentPostprocessing = 0;
		};
		F5AB332626CE7A1E0023427A /* Frameworks */ = {
			isa = PBXFrameworksBuildPhase;
			buildActionMask = 2147483647;
			files = (
			);
			runOnlyForDeploymentPostprocessing = 0;
		};
		F5AB333026CE7A1E0023427A /* Frameworks */ = {
			isa = PBXFrameworksBuildPhase;
			buildActionMask = 2147483647;
			files = (
			);
			runOnlyForDeploymentPostprocessing = 0;
		};
/* End PBXFrameworksBuildPhase section */

/* Begin PBXGroup section */
		F5AB330A26CE7A1D0023427A = {
			isa = PBXGroup;
			children = (
				F5AB331526CE7A1D0023427A /* DemoStyleTransfer */,
				F5AB332C26CE7A1E0023427A /* DemoStyleTransferTests */,
				F5AB333626CE7A1E0023427A /* DemoStyleTransferUITests */,
				F5AB331426CE7A1D0023427A /* Products */,
			);
			sourceTree = "<group>";
		};
		F5AB331426CE7A1D0023427A /* Products */ = {
			isa = PBXGroup;
			children = (
				F5AB331326CE7A1D0023427A /* DemoStyleTransfer.app */,
				F5AB332926CE7A1E0023427A /* DemoStyleTransferTests.xctest */,
				F5AB333326CE7A1E0023427A /* DemoStyleTransferUITests.xctest */,
			);
			name = Products;
			sourceTree = "<group>";
		};
		F5AB331526CE7A1D0023427A /* DemoStyleTransfer */ = {
			isa = PBXGroup;
			children = (
				F51C21EE26CE8D510027B356 /* DemoStyleTransfer02_usecase_image.mlmodel */,
				F5AB331626CE7A1D0023427A /* AppDelegate.swift */,
				F5AB331826CE7A1D0023427A /* SceneDelegate.swift */,
				F5AB331A26CE7A1D0023427A /* ViewController.swift */,
				F5AB331C26CE7A1D0023427A /* Main.storyboard */,
				F5AB331F26CE7A1E0023427A /* Assets.xcassets */,
				F5AB332126CE7A1E0023427A /* LaunchScreen.storyboard */,
				F5AB332426CE7A1E0023427A /* Info.plist */,
			);
			path = DemoStyleTransfer;
			sourceTree = "<group>";
		};
		F5AB332C26CE7A1E0023427A /* DemoStyleTransferTests */ = {
			isa = PBXGroup;
			children = (
				F5AB332D26CE7A1E0023427A /* DemoStyleTransferTests.swift */,
			);
			path = DemoStyleTransferTests;
			sourceTree = "<group>";
		};
		F5AB333626CE7A1E0023427A /* DemoStyleTransferUITests */ = {
			isa = PBXGroup;
			children = (
				F5AB333726CE7A1E0023427A /* DemoStyleTransferUITests.swift */,
			);
			path = DemoStyleTransferUITests;
			sourceTree = "<group>";
		};
/* End PBXGroup section */

/* Begin PBXNativeTarget section */
		F5AB331226CE7A1D0023427A /* DemoStyleTransfer */ = {
			isa = PBXNativeTarget;
			buildConfigurationList = F5AB333B26CE7A1E0023427A /* Build configuration list for PBXNativeTarget "DemoStyleTransfer" */;
			buildPhases = (
				F5AB330F26CE7A1D0023427A /* Sources */,
				F5AB331026CE7A1D0023427A /* Frameworks */,
				F5AB331126CE7A1D0023427A /* Resources */,
			);
			buildRules = (
			);
			dependencies = (
			);
			name = DemoStyleTransfer;
			productName = DemoStyleTransfer;
			productReference = F5AB331326CE7A1D0023427A /* DemoStyleTransfer.app */;
			productType = "com.apple.product-type.application";
		};
		F5AB332826CE7A1E0023427A /* DemoStyleTransferTests */ = {
			isa = PBXNativeTarget;
			buildConfigurationList = F5AB333E26CE7A1E0023427A /* Build configuration list for PBXNativeTarget "DemoStyleTransferTests" */;
			buildPhases = (
				F5AB332526CE7A1E0023427A /* Sources */,
				F5AB332626CE7A1E0023427A /* Frameworks */,
				F5AB332726CE7A1E0023427A /* Resources */,
			);
			buildRules = (
			);
			dependencies = (
				F5AB332B26CE7A1E0023427A /* PBXTargetDependency */,
			);
			name = DemoStyleTransferTests;
			productName = DemoStyleTransferTests;
			productReference = F5AB332926CE7A1E0023427A /* DemoStyleTransferTests.xctest */;
			productType = "com.apple.product-type.bundle.unit-test";
		};
		F5AB333226CE7A1E0023427A /* DemoStyleTransferUITests */ = {
			isa = PBXNativeTarget;
			buildConfigurationList = F5AB334126CE7A1E0023427A /* Build configuration list for PBXNativeTarget "DemoStyleTransferUITests" */;
			buildPhases = (
				F5AB332F26CE7A1E0023427A /* Sources */,
				F5AB333026CE7A1E0023427A /* Frameworks */,
				F5AB333126CE7A1E0023427A /* Resources */,
			);
			buildRules = (
			);
			dependencies = (
				F5AB333526CE7A1E0023427A /* PBXTargetDependency */,
			);
			name = DemoStyleTransferUITests;
			productName = DemoStyleTransferUITests;
			productReference = F5AB333326CE7A1E0023427A /* DemoStyleTransferUITests.xctest */;
			productType = "com.apple.product-type.bundle.ui-testing";
		};
/* End PBXNativeTarget section */

/* Begin PBXProject section */
		F5AB330B26CE7A1D0023427A /* Project object */ = {
			isa = PBXProject;
			attributes = {
				BuildIndependentTargetsInParallel = 1;
				LastSwiftUpdateCheck = 1300;
				LastUpgradeCheck = 1300;
				TargetAttributes = {
					F5AB331226CE7A1D0023427A = {
						CreatedOnToolsVersion = 13.0;
					};
					F5AB332826CE7A1E0023427A = {
						CreatedOnToolsVersion = 13.0;
						TestTargetID = F5AB331226CE7A1D0023427A;
					};
					F5AB333226CE7A1E0023427A = {
						CreatedOnToolsVersion = 13.0;
						TestTargetID = F5AB331226CE7A1D0023427A;
					};
				};
			};
			buildConfigurationList = F5AB330E26CE7A1D0023427A /* Build configuration list for PBXProject "DemoStyleTransfer" */;
			compatibilityVersion = "Xcode 13.0";
			developmentRegion = en;
			hasScannedForEncodings = 0;
			knownRegions = (
				en,
				Base,
			);
			mainGroup = F5AB330A26CE7A1D0023427A;
			productRefGroup = F5AB331426CE7A1D0023427A /* Products */;
			projectDirPath = "";
			projectRoot = "";
			targets = (
				F5AB331226CE7A1D0023427A /* DemoStyleTransfer */,
				F5AB332826CE7A1E0023427A /* DemoStyleTransferTests */,
				F5AB333226CE7A1E0023427A /* DemoStyleTransferUITests */,
			);
		};
/* End PBXProject section */

/* Begin PBXResourcesBuildPhase section */
		F5AB331126CE7A1D0023427A /* Resources */ = {
			isa = PBXResourcesBuildPhase;
			buildActionMask = 2147483647;
			files = (
				F5AB332326CE7A1E0023427A /* LaunchScreen.storyboard in Resources */,
				F5AB332026CE7A1E0023427A /* Assets.xcassets in Resources */,
				F5AB331E26CE7A1D0023427A /* Main.storyboard in Resources */,
			);
			runOnlyForDeploymentPostprocessing = 0;
		};
		F5AB332726CE7A1E0023427A /* Resources */ = {
			isa = PBXResourcesBuildPhase;
			buildActionMask = 2147483647;
			files = (
			);
			runOnlyForDeploymentPostprocessing = 0;
		};
		F5AB333126CE7A1E0023427A /* Resources */ = {
			isa = PBXResourcesBuildPhase;
			buildActionMask = 2147483647;
			files = (
			);
			runOnlyForDeploymentPostprocessing = 0;
		};
/* End PBXResourcesBuildPhase section */

/* Begin PBXSourcesBuildPhase section */
		F5AB330F26CE7A1D0023427A /* Sources */ = {
			isa = PBXSourcesBuildPhase;
			buildActionMask = 2147483647;
			files = (
				F51C21EF26CE8D510027B356 /* DemoStyleTransfer02_usecase_image.mlmodel in Sources */,
				F5AB331B26CE7A1D0023427A /* ViewController.swift in Sources */,
				F5AB331726CE7A1D0023427A /* AppDelegate.swift in Sources */,
				F5AB331926CE7A1D0023427A /* SceneDelegate.swift in Sources */,
			);
			runOnlyForDeploymentPostprocessing = 0;
		};
		F5AB332526CE7A1E0023427A /* Sources */ = {
			isa = PBXSourcesBuildPhase;
			buildActionMask = 2147483647;
			files = (
				F5AB332E26CE7A1E0023427A /* DemoStyleTransferTests.swift in Sources */,
			);
			runOnlyForDeploymentPostprocessing = 0;
		};
		F5AB332F26CE7A1E0023427A /* Sources */ = {
			isa = PBXSourcesBuildPhase;
			buildActionMask = 2147483647;
			files = (
				F5AB333826CE7A1E0023427A /* DemoStyleTransferUITests.swift in Sources */,
			);
			runOnlyForDeploymentPostprocessing = 0;
		};
/* End PBXSourcesBuildPhase section */

/* Begin PBXTargetDependency section */
		F5AB332B26CE7A1E0023427A /* PBXTargetDependency */ = {
			isa = PBXTargetDependency;
			target = F5AB331226CE7A1D0023427A /* DemoStyleTransfer */;
			targetProxy = F5AB332A26CE7A1E0023427A /* PBXContainerItemProxy */;
		};
		F5AB333526CE7A1E0023427A /* PBXTargetDependency */ = {
			isa = PBXTargetDependency;
			target = F5AB331226CE7A1D0023427A /* DemoStyleTransfer */;
			targetProxy = F5AB333426CE7A1E0023427A /* PBXContainerItemProxy */;
		};
/* End PBXTargetDependency section */

/* Begin PBXVariantGroup section */
		F5AB331C26CE7A1D0023427A /* Main.storyboard */ = {
			isa = PBXVariantGroup;
			children = (
				F5AB331D26CE7A1D0023427A /* Base */,
			);
			name = Main.storyboard;
			sourceTree = "<group>";
		};
		F5AB332126CE7A1E0023427A /* LaunchScreen.storyboard */ = {
			isa = PBXVariantGroup;
			children = (
				F5AB332226CE7A1E0023427A /* Base */,
			);
			name = LaunchScreen.storyboard;
			sourceTree = "<group>";
		};
/* End PBXVariantGroup section */

/* Begin XCBuildConfiguration section */
		F5AB333926CE7A1E0023427A /* Debug */ = {
			isa = XCBuildConfiguration;
			buildSettings = {
				ALWAYS_SEARCH_USER_PATHS = NO;
				CLANG_ANALYZER_NONNULL = YES;
				CLANG_ANALYZER_NUMBER_OBJECT_CONVERSION = YES_AGGRESSIVE;
				CLANG_CXX_LANGUAGE_STANDARD = "gnu++14";
				CLANG_CXX_LIBRARY = "libc++";
				CLANG_ENABLE_MODULES = YES;
				CLANG_ENABLE_OBJC_ARC = YES;
				CLANG_ENABLE_OBJC_WEAK = YES;
				CLANG_WARN_BLOCK_CAPTURE_AUTORELEASING = YES;
				CLANG_WARN_BOOL_CONVERSION = YES;
				CLANG_WARN_COMMA = YES;
				CLANG_WARN_CONSTANT_CONVERSION = YES;
				CLANG_WARN_DEPRECATED_OBJC_IMPLEMENTATIONS = YES;
				CLANG_WARN_DIRECT_OBJC_ISA_USAGE = YES_ERROR;
				CLANG_WARN_DOCUMENTATION_COMMENTS = YES;
				CLANG_WARN_EMPTY_BODY = YES;
				CLANG_WARN_ENUM_CONVERSION = YES;
				CLANG_WARN_INFINITE_RECURSION = YES;
				CLANG_WARN_INT_CONVERSION = YES;
				CLANG_WARN_NON_LITERAL_NULL_CONVERSION = YES;
				CLANG_WARN_OBJC_IMPLICIT_RETAIN_SELF = YES;
				CLANG_WARN_OBJC_LITERAL_CONVERSION = YES;
				CLANG_WARN_OBJC_ROOT_CLASS = YES_ERROR;
				CLANG_WARN_QUOTED_INCLUDE_IN_FRAMEWORK_HEADER = YES;
				CLANG_WARN_RANGE_LOOP_ANALYSIS = YES;
				CLANG_WARN_STRICT_PROTOTYPES = YES;
				CLANG_WARN_SUSPICIOUS_MOVE = YES;
				CLANG_WARN_UNGUARDED_AVAILABILITY = YES_AGGRESSIVE;
				CLANG_WARN_UNREACHABLE_CODE = YES;
				CLANG_WARN__DUPLICATE_METHOD_MATCH = YES;
				COPY_PHASE_STRIP = NO;
				DEBUG_INFORMATION_FORMAT = dwarf;
				ENABLE_STRICT_OBJC_MSGSEND = YES;
				ENABLE_TESTABILITY = YES;
				GCC_C_LANGUAGE_STANDARD = gnu11;
				GCC_DYNAMIC_NO_PIC = NO;
				GCC_NO_COMMON_BLOCKS = YES;
				GCC_OPTIMIZATION_LEVEL = 0;
				GCC_PREPROCESSOR_DEFINITIONS = (
					"DEBUG=1",
					"$(inherited)",
				);
				GCC_WARN_64_TO_32_BIT_CONVERSION = YES;
				GCC_WARN_ABOUT_RETURN_TYPE = YES_ERROR;
				GCC_WARN_UNDECLARED_SELECTOR = YES;
				GCC_WARN_UNINITIALIZED_AUTOS = YES_AGGRESSIVE;
				GCC_WARN_UNUSED_FUNCTION = YES;
				GCC_WARN_UNUSED_VARIABLE = YES;
				IPHONEOS_DEPLOYMENT_TARGET = 15.0;
				MTL_ENABLE_DEBUG_INFO = INCLUDE_SOURCE;
				MTL_FAST_MATH = YES;
				ONLY_ACTIVE_ARCH = YES;
				SDKROOT = iphoneos;
				SWIFT_ACTIVE_COMPILATION_CONDITIONS = DEBUG;
				SWIFT_OPTIMIZATION_LEVEL = "-Onone";
			};
			name = Debug;
		};
		F5AB333A26CE7A1E0023427A /* Release */ = {
			isa = XCBuildConfiguration;
			buildSettings = {
				ALWAYS_SEARCH_USER_PATHS = NO;
				CLANG_ANALYZER_NONNULL = YES;
				CLANG_ANALYZER_NUMBER_OBJECT_CONVERSION = YES_AGGRESSIVE;
				CLANG_CXX_LANGUAGE_STANDARD = "gnu++14";
				CLANG_CXX_LIBRARY = "libc++";
				CLANG_ENABLE_MODULES = YES;
				CLANG_ENABLE_OBJC_ARC = YES;
				CLANG_ENABLE_OBJC_WEAK = YES;
				CLANG_WARN_BLOCK_CAPTURE_AUTORELEASING = YES;
				CLANG_WARN_BOOL_CONVERSION = YES;
				CLANG_WARN_COMMA = YES;
				CLANG_WARN_CONSTANT_CONVERSION = YES;
				CLANG_WARN_DEPRECATED_OBJC_IMPLEMENTATIONS = YES;
				CLANG_WARN_DIRECT_OBJC_ISA_USAGE = YES_ERROR;
				CLANG_WARN_DOCUMENTATION_COMMENTS = YES;
				CLANG_WARN_EMPTY_BODY = YES;
				CLANG_WARN_ENUM_CONVERSION = YES;
				CLANG_WARN_INFINITE_RECURSION = YES;
				CLANG_WARN_INT_CONVERSION = YES;
				CLANG_WARN_NON_LITERAL_NULL_CONVERSION = YES;
				CLANG_WARN_OBJC_IMPLICIT_RETAIN_SELF = YES;
				CLANG_WARN_OBJC_LITERAL_CONVERSION = YES;
				CLANG_WARN_OBJC_ROOT_CLASS = YES_ERROR;
				CLANG_WARN_QUOTED_INCLUDE_IN_FRAMEWORK_HEADER = YES;
				CLANG_WARN_RANGE_LOOP_ANALYSIS = YES;
				CLANG_WARN_STRICT_PROTOTYPES = YES;
				CLANG_WARN_SUSPICIOUS_MOVE = YES;
				CLANG_WARN_UNGUARDED_AVAILABILITY = YES_AGGRESSIVE;
				CLANG_WARN_UNREACHABLE_CODE = YES;
				CLANG_WARN__DUPLICATE_METHOD_MATCH = YES;
				COPY_PHASE_STRIP = NO;
				DEBUG_INFORMATION_FORMAT = "dwarf-with-dsym";
				ENABLE_NS_ASSERTIONS = NO;
				ENABLE_STRICT_OBJC_MSGSEND = YES;
				GCC_C_LANGUAGE_STANDARD = gnu11;
				GCC_NO_COMMON_BLOCKS = YES;
				GCC_WARN_64_TO_32_BIT_CONVERSION = YES;
				GCC_WARN_ABOUT_RETURN_TYPE = YES_ERROR;
				GCC_WARN_UNDECLARED_SELECTOR = YES;
				GCC_WARN_UNINITIALIZED_AUTOS = YES_AGGRESSIVE;
				GCC_WARN_UNUSED_FUNCTION = YES;
				GCC_WARN_UNUSED_VARIABLE = YES;
				IPHONEOS_DEPLOYMENT_TARGET = 15.0;
				MTL_ENABLE_DEBUG_INFO = NO;
				MTL_FAST_MATH = YES;
				SDKROOT = iphoneos;
				SWIFT_COMPILATION_MODE = wholemodule;
				SWIFT_OPTIMIZATION_LEVEL = "-O";
				VALIDATE_PRODUCT = YES;
			};
			name = Release;
		};
		F5AB333C26CE7A1E0023427A /* Debug */ = {
			isa = XCBuildConfiguration;
			buildSettings = {
				ASSETCATALOG_COMPILER_APPICON_NAME = AppIcon;
				ASSETCATALOG_COMPILER_GLOBAL_ACCENT_COLOR_NAME = AccentColor;
				CODE_SIGN_STYLE = Automatic;
				CURRENT_PROJECT_VERSION = 1;
				DEVELOPMENT_TEAM = EAZT2D654U;
				GENERATE_INFOPLIST_FILE = YES;
				INFOPLIST_FILE = DemoStyleTransfer/Info.plist;
				INFOPLIST_KEY_CFBundleExecutable = DemoStyleTransfer;
				INFOPLIST_KEY_CFBundleName = DemoStyleTransfer;
				INFOPLIST_KEY_CFBundleVersion = 1;
				INFOPLIST_KEY_UIApplicationSupportsIndirectInputEvents = YES;
				INFOPLIST_KEY_UILaunchStoryboardName = LaunchScreen;
				INFOPLIST_KEY_UIMainStoryboardFile = Main;
				INFOPLIST_KEY_UISupportedInterfaceOrientations = UIInterfaceOrientationPortrait;
				INFOPLIST_KEY_UISupportedInterfaceOrientations_iPad = "UIInterfaceOrientationPortrait UIInterfaceOrientationPortraitUpsideDown UIInterfaceOrientationLandscapeLeft UIInterfaceOrientationLandscapeRight";
				INFOPLIST_KEY_UISupportedInterfaceOrientations_iPhone = "UIInterfaceOrientationPortrait UIInterfaceOrientationLandscapeLeft UIInterfaceOrientationLandscapeRight";
				IPHONEOS_DEPLOYMENT_TARGET = 14.3;
				LD_RUNPATH_SEARCH_PATHS = (
					"$(inherited)",
					"@executable_path/Frameworks",
				);
				MARKETING_VERSION = 1.0;
				PRODUCT_BUNDLE_IDENTIFIER = yyokii.DemoStyleTransfer;
				PRODUCT_NAME = "$(TARGET_NAME)";
				SWIFT_EMIT_LOC_STRINGS = YES;
				SWIFT_VERSION = 5.0;
				TARGETED_DEVICE_FAMILY = 1;
			};
			name = Debug;
		};
		F5AB333D26CE7A1E0023427A /* Release */ = {
			isa = XCBuildConfiguration;
			buildSettings = {
				ASSETCATALOG_COMPILER_APPICON_NAME = AppIcon;
				ASSETCATALOG_COMPILER_GLOBAL_ACCENT_COLOR_NAME = AccentColor;
				CODE_SIGN_STYLE = Automatic;
				CURRENT_PROJECT_VERSION = 1;
				DEVELOPMENT_TEAM = EAZT2D654U;
				GENERATE_INFOPLIST_FILE = YES;
				INFOPLIST_FILE = DemoStyleTransfer/Info.plist;
				INFOPLIST_KEY_CFBundleExecutable = DemoStyleTransfer;
				INFOPLIST_KEY_CFBundleName = DemoStyleTransfer;
				INFOPLIST_KEY_CFBundleVersion = 1;
				INFOPLIST_KEY_UIApplicationSupportsIndirectInputEvents = YES;
				INFOPLIST_KEY_UILaunchStoryboardName = LaunchScreen;
				INFOPLIST_KEY_UIMainStoryboardFile = Main;
				INFOPLIST_KEY_UISupportedInterfaceOrientations = UIInterfaceOrientationPortrait;
				INFOPLIST_KEY_UISupportedInterfaceOrientations_iPad = "UIInterfaceOrientationPortrait UIInterfaceOrientationPortraitUpsideDown UIInterfaceOrientationLandscapeLeft UIInterfaceOrientationLandscapeRight";
				INFOPLIST_KEY_UISupportedInterfaceOrientations_iPhone = "UIInterfaceOrientationPortrait UIInterfaceOrientationLandscapeLeft UIInterfaceOrientationLandscapeRight";
				IPHONEOS_DEPLOYMENT_TARGET = 14.3;
				LD_RUNPATH_SEARCH_PATHS = (
					"$(inherited)",
					"@executable_path/Frameworks",
				);
				MARKETING_VERSION = 1.0;
				PRODUCT_BUNDLE_IDENTIFIER = yyokii.DemoStyleTransfer;
				PRODUCT_NAME = "$(TARGET_NAME)";
				SWIFT_EMIT_LOC_STRINGS = YES;
				SWIFT_VERSION = 5.0;
				TARGETED_DEVICE_FAMILY = 1;
			};
			name = Release;
		};
		F5AB333F26CE7A1E0023427A /* Debug */ = {
			isa = XCBuildConfiguration;
			buildSettings = {
				ALWAYS_EMBED_SWIFT_STANDARD_LIBRARIES = YES;
				BUNDLE_LOADER = "$(TEST_HOST)";
				CODE_SIGN_STYLE = Automatic;
				CURRENT_PROJECT_VERSION = 1;
				DEVELOPMENT_TEAM = EAZT2D654U;
				GENERATE_INFOPLIST_FILE = YES;
				IPHONEOS_DEPLOYMENT_TARGET = 15.0;
				LD_RUNPATH_SEARCH_PATHS = (
					"$(inherited)",
					"@executable_path/Frameworks",
					"@loader_path/Frameworks",
				);
				MARKETING_VERSION = 1.0;
				PRODUCT_BUNDLE_IDENTIFIER = yyokii.DemoStyleTransferTests;
				PRODUCT_NAME = "$(TARGET_NAME)";
				SWIFT_EMIT_LOC_STRINGS = NO;
				SWIFT_VERSION = 5.0;
				TARGETED_DEVICE_FAMILY = "1,2";
				TEST_HOST = "$(BUILT_PRODUCTS_DIR)/DemoStyleTransfer.app/DemoStyleTransfer";
			};
			name = Debug;
		};
		F5AB334026CE7A1E0023427A /* Release */ = {
			isa = XCBuildConfiguration;
			buildSettings = {
				ALWAYS_EMBED_SWIFT_STANDARD_LIBRARIES = YES;
				BUNDLE_LOADER = "$(TEST_HOST)";
				CODE_SIGN_STYLE = Automatic;
				CURRENT_PROJECT_VERSION = 1;
				DEVELOPMENT_TEAM = EAZT2D654U;
				GENERATE_INFOPLIST_FILE = YES;
				IPHONEOS_DEPLOYMENT_TARGET = 15.0;
				LD_RUNPATH_SEARCH_PATHS = (
					"$(inherited)",
					"@executable_path/Frameworks",
					"@loader_path/Frameworks",
				);
				MARKETING_VERSION = 1.0;
				PRODUCT_BUNDLE_IDENTIFIER = yyokii.DemoStyleTransferTests;
				PRODUCT_NAME = "$(TARGET_NAME)";
				SWIFT_EMIT_LOC_STRINGS = NO;
				SWIFT_VERSION = 5.0;
				TARGETED_DEVICE_FAMILY = "1,2";
				TEST_HOST = "$(BUILT_PRODUCTS_DIR)/DemoStyleTransfer.app/DemoStyleTransfer";
			};
			name = Release;
		};
		F5AB334226CE7A1E0023427A /* Debug */ = {
			isa = XCBuildConfiguration;
			buildSettings = {
				ALWAYS_EMBED_SWIFT_STANDARD_LIBRARIES = YES;
				CODE_SIGN_STYLE = Automatic;
				CURRENT_PROJECT_VERSION = 1;
				DEVELOPMENT_TEAM = EAZT2D654U;
				GENERATE_INFOPLIST_FILE = YES;
				LD_RUNPATH_SEARCH_PATHS = (
					"$(inherited)",
					"@executable_path/Frameworks",
					"@loader_path/Frameworks",
				);
				MARKETING_VERSION = 1.0;
				PRODUCT_BUNDLE_IDENTIFIER = yyokii.DemoStyleTransferUITests;
				PRODUCT_NAME = "$(TARGET_NAME)";
				SWIFT_EMIT_LOC_STRINGS = NO;
				SWIFT_VERSION = 5.0;
				TARGETED_DEVICE_FAMILY = "1,2";
				TEST_TARGET_NAME = DemoStyleTransfer;
			};
			name = Debug;
		};
		F5AB334326CE7A1E0023427A /* Release */ = {
			isa = XCBuildConfiguration;
			buildSettings = {
				ALWAYS_EMBED_SWIFT_STANDARD_LIBRARIES = YES;
				CODE_SIGN_STYLE = Automatic;
				CURRENT_PROJECT_VERSION = 1;
				DEVELOPMENT_TEAM = EAZT2D654U;
				GENERATE_INFOPLIST_FILE = YES;
				LD_RUNPATH_SEARCH_PATHS = (
					"$(inherited)",
					"@executable_path/Frameworks",
					"@loader_path/Frameworks",
				);
				MARKETING_VERSION = 1.0;
				PRODUCT_BUNDLE_IDENTIFIER = yyokii.DemoStyleTransferUITests;
				PRODUCT_NAME = "$(TARGET_NAME)";
				SWIFT_EMIT_LOC_STRINGS = NO;
				SWIFT_VERSION = 5.0;
				TARGETED_DEVICE_FAMILY = "1,2";
				TEST_TARGET_NAME = DemoStyleTransfer;
			};
			name = Release;
		};
/* End XCBuildConfiguration section */

/* Begin XCConfigurationList section */
		F5AB330E26CE7A1D0023427A /* Build configuration list for PBXProject "DemoStyleTransfer" */ = {
			isa = XCConfigurationList;
			buildConfigurations = (
				F5AB333926CE7A1E0023427A /* Debug */,
				F5AB333A26CE7A1E0023427A /* Release */,
			);
			defaultConfigurationIsVisible = 0;
			defaultConfigurationName = Release;
		};
		F5AB333B26CE7A1E0023427A /* Build configuration list for PBXNativeTarget "DemoStyleTransfer" */ = {
			isa = XCConfigurationList;
			buildConfigurations = (
				F5AB333C26CE7A1E0023427A /* Debug */,
				F5AB333D26CE7A1E0023427A /* Release */,
			);
			defaultConfigurationIsVisible = 0;
			defaultConfigurationName = Release;
		};
		F5AB333E26CE7A1E0023427A /* Build configuration list for PBXNativeTarget "DemoStyleTransferTests" */ = {
			isa = XCConfigurationList;
			buildConfigurations = (
				F5AB333F26CE7A1E0023427A /* Debug */,
				F5AB334026CE7A1E0023427A /* Release */,
			);
			defaultConfigurationIsVisible = 0;
			defaultConfigurationName = Release;
		};
		F5AB334126CE7A1E0023427A /* Build configuration list for PBXNativeTarget "DemoStyleTransferUITests" */ = {
			isa = XCConfigurationList;
			buildConfigurations = (
				F5AB334226CE7A1E0023427A /* Debug */,
				F5AB334326CE7A1E0023427A /* Release */,
			);
			defaultConfigurationIsVisible = 0;
			defaultConfigurationName = Release;
		};
/* End XCConfigurationList section */
	};
	rootObject = F5AB330B26CE7A1D0023427A /* Project object */;
}
